{
  "originHash" : "79b277b12c6c5115c5bb8eb65662b681f19189b4f9efbdd8b6e5f47e806116ca",
  "pins" : [
    {
      "identity" : "plate",
      "kind" : "remoteSourceControl",
      "location" : "https://github.com/leviouwendijk/plate.git",
      "state" : {
        "branch" : "master",
        "revision" : "d4c9dc39305c0f314402e1a99490b469f27ad5d8"
      }
    }
  ],
  "version" : 3
}
