{
  "originHash" : "79b277b12c6c5115c5bb8eb65662b681f19189b4f9efbdd8b6e5f47e806116ca",
  "pins" : [
    {
      "identity" : "plate",
      "kind" : "remoteSourceControl",
      "location" : "https://github.com/leviouwendijk/plate.git",
      "state" : {
        "branch" : "master",
        "revision" : "05ae292e7475c3d4d7412ab8a948df12cd5c07f5"
      }
    }
  ],
  "version" : 3
}
