{
  "originHash" : "5b20fb3e0b29bb1c66c3675facc981278b7fa94c3b11c2eb5e4e8344774f1c5c",
  "pins" : [
    {
      "identity" : "commerce",
      "kind" : "remoteSourceControl",
      "location" : "https://github.com/leviouwendijk/Commerce.git",
      "state" : {
        "branch" : "master",
        "revision" : "2fbd84458c4a1c07e14e633587f21836569b3e99"
      }
    },
    {
      "identity" : "compositions",
      "kind" : "remoteSourceControl",
      "location" : "https://github.com/leviouwendijk/Compositions.git",
      "state" : {
        "branch" : "master",
        "revision" : "345ce256169f1329416966126568ee841ab6347f"
      }
    },
    {
      "identity" : "economics",
      "kind" : "remoteSourceControl",
      "location" : "https://github.com/leviouwendijk/Economics.git",
      "state" : {
        "branch" : "master",
        "revision" : "379ead15beebebf4d3850418baaa0c1f9aff226d"
      }
    },
    {
      "identity" : "extensions",
      "kind" : "remoteSourceControl",
      "location" : "https://github.com/leviouwendijk/Extensions.git",
      "state" : {
        "branch" : "master",
        "revision" : "3310d463b1bc509cccd8e75f0acc221e153f5dff"
      }
    },
    {
      "identity" : "implementations",
      "kind" : "remoteSourceControl",
      "location" : "https://github.com/leviouwendijk/Implementations.git",
      "state" : {
        "branch" : "master",
        "revision" : "a3c8bb093f6f096b797c833664dda5371c176cb5"
      }
    },
    {
      "identity" : "interfaces",
      "kind" : "remoteSourceControl",
      "location" : "https://github.com/leviouwendijk/Interfaces.git",
      "state" : {
        "branch" : "master",
        "revision" : "27e1b0eb9a3c258557b434c5a1a44406d3687acc"
      }
    },
    {
      "identity" : "plate",
      "kind" : "remoteSourceControl",
      "location" : "https://github.com/leviouwendijk/plate.git",
      "state" : {
        "branch" : "master",
        "revision" : "bef4fe9c3d768cd76521af5d63d0628ccbad06d2"
      }
    },
    {
      "identity" : "structures",
      "kind" : "remoteSourceControl",
      "location" : "https://github.com/leviouwendijk/Structures.git",
      "state" : {
        "branch" : "master",
        "revision" : "24d08807d7d8eb60b3a03f752cd0dd90b3577bf7"
      }
    },
    {
      "identity" : "viewcomponents",
      "kind" : "remoteSourceControl",
      "location" : "https://github.com/leviouwendijk/ViewComponents.git",
      "state" : {
        "branch" : "master",
        "revision" : "03eae2ffc808bb73992c2ef4e726333df9561084"
      }
    }
  ],
  "version" : 3
}
